// !$*UTF8*$!
{
	archiveVersion = 1;
	classes = {
	};
	objectVersion = 46;
	objects = {

/* Begin PBXBuildFile section */
		A64C25C91C2C60DF002FDE71 /* AppDelegate.swift in Sources */ = {isa = PBXBuildFile; fileRef = A64C25C81C2C60DF002FDE71 /* AppDelegate.swift */; };
		A64C25CB1C2C60DF002FDE71 /* ViewController.swift in Sources */ = {isa = PBXBuildFile; fileRef = A64C25CA1C2C60DF002FDE71 /* ViewController.swift */; };
		A64C25CE1C2C60DF002FDE71 /* Main.storyboard in Resources */ = {isa = PBXBuildFile; fileRef = A64C25CC1C2C60DF002FDE71 /* Main.storyboard */; };
		A64C25D01C2C60DF002FDE71 /* Assets.xcassets in Resources */ = {isa = PBXBuildFile; fileRef = A64C25CF1C2C60DF002FDE71 /* Assets.xcassets */; };
		A64C25D31C2C60DF002FDE71 /* LaunchScreen.storyboard in Resources */ = {isa = PBXBuildFile; fileRef = A64C25D11C2C60DF002FDE71 /* LaunchScreen.storyboard */; };
		A64C25DB1C34CAB8002FDE71 /* AboutViewController.swift in Sources */ = {isa = PBXBuildFile; fileRef = A64C25DA1C34CAB8002FDE71 /* AboutViewController.swift */; };
/* End PBXBuildFile section */

/* Begin PBXFileReference section */
		A64C25C51C2C60DF002FDE71 /* BullsEye.app */ = {isa = PBXFileReference; explicitFileType = wrapper.application; includeInIndex = 0; path = BullsEye.app; sourceTree = BUILT_PRODUCTS_DIR; };
		A64C25C81C2C60DF002FDE71 /* AppDelegate.swift */ = {isa = PBXFileReference; lastKnownFileType = sourcecode.swift; path = AppDelegate.swift; sourceTree = "<group>"; };
		A64C25CA1C2C60DF002FDE71 /* ViewController.swift */ = {isa = PBXFileReference; lastKnownFileType = sourcecode.swift; path = ViewController.swift; sourceTree = "<group>"; };
		A64C25CD1C2C60DF002FDE71 /* Base */ = {isa = PBXFileReference; lastKnownFileType = file.storyboard; name = Base; path = Base.lproj/Main.storyboard; sourceTree = "<group>"; };
		A64C25CF1C2C60DF002FDE71 /* Assets.xcassets */ = {isa = PBXFileReference; lastKnownFileType = folder.assetcatalog; path = Assets.xcassets; sourceTree = "<group>"; };
		A64C25D21C2C60DF002FDE71 /* Base */ = {isa = PBXFileReference; lastKnownFileType = file.storyboard; name = Base; path = Base.lproj/LaunchScreen.storyboard; sourceTree = "<group>"; };
		A64C25D41C2C60DF002FDE71 /* Info.plist */ = {isa = PBXFileReference; lastKnownFileType = text.plist.xml; path = Info.plist; sourceTree = "<group>"; };
		A64C25DA1C34CAB8002FDE71 /* AboutViewController.swift */ = {isa = PBXFileReference; fileEncoding = 4; lastKnownFileType = sourcecode.swift; path = AboutViewController.swift; sourceTree = "<group>"; };
/* End PBXFileReference section */

/* Begin PBXFrameworksBuildPhase section */
		A64C25C21C2C60DF002FDE71 /* Frameworks */ = {
			isa = PBXFrameworksBuildPhase;
			buildActionMask = 2147483647;
			files = (
			);
			runOnlyForDeploymentPostprocessing = 0;
		};
/* End PBXFrameworksBuildPhase section */

/* Begin PBXGroup section */
		A64C25BC1C2C60DE002FDE71 = {
			isa = PBXGroup;
			children = (
				A64C25C71C2C60DF002FDE71 /* BullsEye */,
				A64C25C61C2C60DF002FDE71 /* Products */,
			);
			sourceTree = "<group>";
		};
		A64C25C61C2C60DF002FDE71 /* Products */ = {
			isa = PBXGroup;
			children = (
				A64C25C51C2C60DF002FDE71 /* BullsEye.app */,
			);
			name = Products;
			sourceTree = "<group>";
		};
		A64C25C71C2C60DF002FDE71 /* BullsEye */ = {
			isa = PBXGroup;
			children = (
				A64C25C81C2C60DF002FDE71 /* AppDelegate.swift */,
				A64C25CA1C2C60DF002FDE71 /* ViewController.swift */,
				A64C25DA1C34CAB8002FDE71 /* AboutViewController.swift */,
				A64C25CC1C2C60DF002FDE71 /* Main.storyboard */,
				A64C25CF1C2C60DF002FDE71 /* Assets.xcassets */,
				A64C25D11C2C60DF002FDE71 /* LaunchScreen.storyboard */,
				A64C25D41C2C60DF002FDE71 /* Info.plist */,
			);
			path = BullsEye;
			sourceTree = "<group>";
		};
/* End PBXGroup section */

/* Begin PBXNativeTarget section */
		A64C25C41C2C60DF002FDE71 /* BullsEye */ = {
			isa = PBXNativeTarget;
			buildConfigurationList = A64C25D71C2C60DF002FDE71 /* Build configuration list for PBXNativeTarget "BullsEye" */;
			buildPhases = (
				A64C25C11C2C60DF002FDE71 /* Sources */,
				A64C25C21C2C60DF002FDE71 /* Frameworks */,
				A64C25C31C2C60DF002FDE71 /* Resources */,
			);
			buildRules = (
			);
			dependencies = (
			);
			name = BullsEye;
			productName = BullsEye;
			productReference = A64C25C51C2C60DF002FDE71 /* BullsEye.app */;
			productType = "com.apple.product-type.application";
		};
/* End PBXNativeTarget section */

/* Begin PBXProject section */
		A64C25BD1C2C60DF002FDE71 /* Project object */ = {
			isa = PBXProject;
			attributes = {
				LastSwiftUpdateCheck = 0720;
				LastUpgradeCheck = 0720;
				ORGANIZATIONNAME = Lochbridge;
				TargetAttributes = {
					A64C25C41C2C60DF002FDE71 = {
						CreatedOnToolsVersion = 7.2;
					};
				};
			};
			buildConfigurationList = A64C25C01C2C60DF002FDE71 /* Build configuration list for PBXProject "BullsEye" */;
			compatibilityVersion = "Xcode 3.2";
			developmentRegion = English;
			hasScannedForEncodings = 0;
			knownRegions = (
				en,
				Base,
			);
			mainGroup = A64C25BC1C2C60DE002FDE71;
			productRefGroup = A64C25C61C2C60DF002FDE71 /* Products */;
			projectDirPath = "";
			projectRoot = "";
			targets = (
				A64C25C41C2C60DF002FDE71 /* BullsEye */,
			);
		};
/* End PBXProject section */

/* Begin PBXResourcesBuildPhase section */
		A64C25C31C2C60DF002FDE71 /* Resources */ = {
			isa = PBXResourcesBuildPhase;
			buildActionMask = 2147483647;
			files = (
				A64C25D31C2C60DF002FDE71 /* LaunchScreen.storyboard in Resources */,
				A64C25D01C2C60DF002FDE71 /* Assets.xcassets in Resources */,
				A64C25CE1C2C60DF002FDE71 /* Main.storyboard in Resources */,
			);
			runOnlyForDeploymentPostprocessing = 0;
		};
/* End PBXResourcesBuildPhase section */

/* Begin PBXSourcesBuildPhase section */
		A64C25C11C2C60DF002FDE71 /* Sources */ = {
			isa = PBXSourcesBuildPhase;
			buildActionMask = 2147483647;
			files = (
				A64C25DB1C34CAB8002FDE71 /* AboutViewController.swift in Sources */,
				A64C25CB1C2C60DF002FDE71 /* ViewController.swift in Sources */,
				A64C25C91C2C60DF002FDE71 /* AppDelegate.swift in Sources */,
			);
			runOnlyForDeploymentPostprocessing = 0;
		};
/* End PBXSourcesBuildPhase section */

/* Begin PBXVariantGroup section */
		A64C25CC1C2C60DF002FDE71 /* Main.storyboard */ = {
			isa = PBXVariantGroup;
			children = (
				A64C25CD1C2C60DF002FDE71 /* Base */,
			);
			name = Main.storyboard;
			sourceTree = "<group>";
		};
		A64C25D11C2C60DF002FDE71 /* LaunchScreen.storyboard */ = {
			isa = PBXVariantGroup;
			children = (
				A64C25D21C2C60DF002FDE71 /* Base */,
			);
			name = LaunchScreen.storyboard;
			sourceTree = "<group>";
		};
/* End PBXVariantGroup section */

/* Begin XCBuildConfiguration section */
		A64C25D51C2C60DF002FDE71 /* Debug */ = {
			isa = XCBuildConfiguration;
			buildSettings = {
				ALWAYS_SEARCH_USER_PATHS = NO;
				CLANG_CXX_LANGUAGE_STANDARD = "gnu++0x";
				CLANG_CXX_LIBRARY = "libc++";
				CLANG_ENABLE_MODULES = YES;
				CLANG_ENABLE_OBJC_ARC = YES;
				CLANG_WARN_BOOL_CONVERSION = YES;
				CLANG_WARN_CONSTANT_CONVERSION = YES;
				CLANG_WARN_DIRECT_OBJC_ISA_USAGE = YES_ERROR;
				CLANG_WARN_EMPTY_BODY = YES;
				CLANG_WARN_ENUM_CONVERSION = YES;
				CLANG_WARN_INT_CONVERSION = YES;
				CLANG_WARN_OBJC_ROOT_CLASS = YES_ERROR;
				CLANG_WARN_UNREACHABLE_CODE = YES;
				CLANG_WARN__DUPLICATE_METHOD_MATCH = YES;
				"CODE_SIGN_IDENTITY[sdk=iphoneos*]" = "iPhone Developer";
				COPY_PHASE_STRIP = NO;
				DEBUG_INFORMATION_FORMAT = dwarf;
				ENABLE_STRICT_OBJC_MSGSEND = YES;
				ENABLE_TESTABILITY = YES;
				GCC_C_LANGUAGE_STANDARD = gnu99;
				GCC_DYNAMIC_NO_PIC = NO;
				GCC_NO_COMMON_BLOCKS = YES;
				GCC_OPTIMIZATION_LEVEL = 0;
				GCC_PREPROCESSOR_DEFINITIONS = (
					"DEBUG=1",
					"$(inherited)",
				);
				GCC_WARN_64_TO_32_BIT_CONVERSION = YES;
				GCC_WARN_ABOUT_RETURN_TYPE = YES_ERROR;
				GCC_WARN_UNDECLARED_SELECTOR = YES;
				GCC_WARN_UNINITIALIZED_AUTOS = YES_AGGRESSIVE;
				GCC_WARN_UNUSED_FUNCTION = YES;
				GCC_WARN_UNUSED_VARIABLE = YES;
				IPHONEOS_DEPLOYMENT_TARGET = 9.2;
				MTL_ENABLE_DEBUG_INFO = YES;
				ONLY_ACTIVE_ARCH = YES;
				SDKROOT = iphoneos;
				SWIFT_OPTIMIZATION_LEVEL = "-Onone";
			};
			name = Debug;
		};
		A64C25D61C2C60DF002FDE71 /* Release */ = {
			isa = XCBuildConfiguration;
			buildSettings = {
				ALWAYS_SEARCH_USER_PATHS = NO;
				CLANG_CXX_LANGUAGE_STANDARD = "gnu++0x";
				CLANG_CXX_LIBRARY = "libc++";
				CLANG_ENABLE_MODULES = YES;
				CLANG_ENABLE_OBJC_ARC = YES;
				CLANG_WARN_BOOL_CONVERSION = YES;
				CLANG_WARN_CONSTANT_CONVERSION = YES;
				CLANG_WARN_DIRECT_OBJC_ISA_USAGE = YES_ERROR;
				CLANG_WARN_EMPTY_BODY = YES;
				CLANG_WARN_ENUM_CONVERSION = YES;
				CLANG_WARN_INT_CONVERSION = YES;
				CLANG_WARN_OBJC_ROOT_CLASS = YES_ERROR;
				CLANG_WARN_UNREACHABLE_CODE = YES;
				CLANG_WARN__DUPLICATE_METHOD_MATCH = YES;
				"CODE_SIGN_IDENTITY[sdk=iphoneos*]" = "iPhone Developer";
				COPY_PHASE_STRIP = NO;
				DEBUG_INFORMATION_FORMAT = "dwarf-with-dsym";
				ENABLE_NS_ASSERTIONS = NO;
				ENABLE_STRICT_OBJC_MSGSEND = YES;
				GCC_C_LANGUAGE_STANDARD = gnu99;
				GCC_NO_COMMON_BLOCKS = YES;
				GCC_WARN_64_TO_32_BIT_CONVERSION = YES;
				GCC_WARN_ABOUT_RETURN_TYPE = YES_ERROR;
				GCC_WARN_UNDECLARED_SELECTOR = YES;
				GCC_WARN_UNINITIALIZED_AUTOS = YES_AGGRESSIVE;
				GCC_WARN_UNUSED_FUNCTION = YES;
				GCC_WARN_UNUSED_VARIABLE = YES;
				IPHONEOS_DEPLOYMENT_TARGET = 9.2;
				MTL_ENABLE_DEBUG_INFO = NO;
				SDKROOT = iphoneos;
				VALIDATE_PRODUCT = YES;
			};
			name = Release;
		};
		A64C25D81C2C60DF002FDE71 /* Debug */ = {
			isa = XCBuildConfiguration;
			buildSettings = {
				ASSETCATALOG_COMPILER_APPICON_NAME = AppIcon;
				INFOPLIST_FILE = BullsEye/Info.plist;
				LD_RUNPATH_SEARCH_PATHS = "$(inherited) @executable_path/Frameworks";
				PRODUCT_BUNDLE_IDENTIFIER = com.lochbridge.BullsEye;
				PRODUCT_NAME = "$(TARGET_NAME)";
			};
			name = Debug;
		};
		A64C25D91C2C60DF002FDE71 /* Release */ = {
			isa = XCBuildConfiguration;
			buildSettings = {
				ASSETCATALOG_COMPILER_APPICON_NAME = AppIcon;
				INFOPLIST_FILE = BullsEye/Info.plist;
				LD_RUNPATH_SEARCH_PATHS = "$(inherited) @executable_path/Frameworks";
				PRODUCT_BUNDLE_IDENTIFIER = com.lochbridge.BullsEye;
				PRODUCT_NAME = "$(TARGET_NAME)";
			};
			name = Release;
		};
/* End XCBuildConfiguration section */

/* Begin XCConfigurationList section */
		A64C25C01C2C60DF002FDE71 /* Build configuration list for PBXProject "BullsEye" */ = {
			isa = XCConfigurationList;
			buildConfigurations = (
				A64C25D51C2C60DF002FDE71 /* Debug */,
				A64C25D61C2C60DF002FDE71 /* Release */,
			);
			defaultConfigurationIsVisible = 0;
			defaultConfigurationName = Release;
		};
		A64C25D71C2C60DF002FDE71 /* Build configuration list for PBXNativeTarget "BullsEye" */ = {
			isa = XCConfigurationList;
			buildConfigurations = (
				A64C25D81C2C60DF002FDE71 /* Debug */,
				A64C25D91C2C60DF002FDE71 /* Release */,
			);
			defaultConfigurationIsVisible = 0;
		};
/* End XCConfigurationList section */
	};
	rootObject = A64C25BD1C2C60DF002FDE71 /* Project object */;
}
